
Microsoft Visual Studio Solution File, Format Version 12.00
# Visual Studio 15
VisualStudioVersion = 15.0.27130.2020
MinimumVisualStudioVersion = 10.0.40219.1
Project("{9A19103F-16F7-4668-BE54-9A1E7A4F7556}") = "TestingDemo", "TestingDemo\TestingDemo.csproj", "{97A265C1-B5FA-4116-A192-60FE09156376}"
EndProject
Project("{FAE04EC0-301F-11D3-BF4B-00C04F79EFBC}") = "TestingDemo.Tests", "TestingDemo.Tests\TestingDemo.Tests.csproj", "{6A7F765A-6D0C-478F-804C-D80693EA9B31}"
EndProject
Global
	GlobalSection(SolutionConfigurationPlatforms) = preSolution
		Debug|Any CPU = Debug|Any CPU
		Release|Any CPU = Release|Any CPU
	EndGlobalSection
	GlobalSection(ProjectConfigurationPlatforms) = postSolution
		{97A265C1-B5FA-4116-A192-60FE09156376}.Debug|Any CPU.ActiveCfg = Debug|Any CPU
		{97A265C1-B5FA-4116-A192-60FE09156376}.Debug|Any CPU.Build.0 = Debug|Any CPU
		{97A265C1-B5FA-4116-A192-60FE09156376}.Release|Any CPU.ActiveCfg = Release|Any CPU
		{97A265C1-B5FA-4116-A192-60FE09156376}.Release|Any CPU.Build.0 = Release|Any CPU
		{6A7F765A-6D0C-478F-804C-D80693EA9B31}.Debug|Any CPU.ActiveCfg = Debug|Any CPU
		{6A7F765A-6D0C-478F-804C-D80693EA9B31}.Debug|Any CPU.Build.0 = Debug|Any CPU
		{6A7F765A-6D0C-478F-804C-D80693EA9B31}.Release|Any CPU.ActiveCfg = Release|Any CPU
		{6A7F765A-6D0C-478F-804C-D80693EA9B31}.Release|Any CPU.Build.0 = Release|Any CPU
	EndGlobalSection
	GlobalSection(SolutionProperties) = preSolution
		HideSolutionNode = FALSE
	EndGlobalSection
	GlobalSection(ExtensibilityGlobals) = postSolution
		SolutionGuid = {066DBB73-87A3-4281-AEBD-212A5B897F78}
	EndGlobalSection
EndGlobal
